
Microsoft Visual Studio Solution File, Format Version 12.00
# Visual Studio Version 17
VisualStudioVersion = 17.0.31903.59
MinimumVisualStudioVersion = 10.0.40219.1
Project("{2150E333-8FDC-42A3-9474-1A3956D46DE8}") = "src", "src", "{A7F970A9-0F68-4745-887B-D939EF792CE5}"
EndProject
Project("{FAE04EC0-301F-11D3-BF4B-00C04F79EFBC}") = "OrderFileParser", "src\OrderFileParser\OrderFileParser.csproj", "{46B0DC53-D7F2-46F3-A44D-E18627A7D9B9}"
EndProject
Project("{FAE04EC0-301F-11D3-BF4B-00C04F79EFBC}") = "OrderFileParser.Tests", "src\OrderFileParser.Tests\OrderFileParser.Tests.csproj", "{94DC3DDA-183E-4F0F-8EC7-6B56B7BCB953}"
EndProject
Global
	GlobalSection(SolutionConfigurationPlatforms) = preSolution
		Debug|Any CPU = Debug|Any CPU
		Release|Any CPU = Release|Any CPU
	EndGlobalSection
	GlobalSection(SolutionProperties) = preSolution
		HideSolutionNode = FALSE
	EndGlobalSection
	GlobalSection(ProjectConfigurationPlatforms) = postSolution
		{46B0DC53-D7F2-46F3-A44D-E18627A7D9B9}.Debug|Any CPU.ActiveCfg = Debug|Any CPU
		{46B0DC53-D7F2-46F3-A44D-E18627A7D9B9}.Debug|Any CPU.Build.0 = Debug|Any CPU
		{46B0DC53-D7F2-46F3-A44D-E18627A7D9B9}.Release|Any CPU.ActiveCfg = Release|Any CPU
		{46B0DC53-D7F2-46F3-A44D-E18627A7D9B9}.Release|Any CPU.Build.0 = Release|Any CPU
		{94DC3DDA-183E-4F0F-8EC7-6B56B7BCB953}.Debug|Any CPU.ActiveCfg = Debug|Any CPU
		{94DC3DDA-183E-4F0F-8EC7-6B56B7BCB953}.Debug|Any CPU.Build.0 = Debug|Any CPU
		{94DC3DDA-183E-4F0F-8EC7-6B56B7BCB953}.Release|Any CPU.ActiveCfg = Release|Any CPU
		{94DC3DDA-183E-4F0F-8EC7-6B56B7BCB953}.Release|Any CPU.Build.0 = Release|Any CPU
	EndGlobalSection
	GlobalSection(NestedProjects) = preSolution
		{46B0DC53-D7F2-46F3-A44D-E18627A7D9B9} = {A7F970A9-0F68-4745-887B-D939EF792CE5}
		{94DC3DDA-183E-4F0F-8EC7-6B56B7BCB953} = {A7F970A9-0F68-4745-887B-D939EF792CE5}
	EndGlobalSection
EndGlobal
